
Microsoft Visual Studio Solution File, Format Version 12.00
# Visual Studio Version 17
VisualStudioVersion = 17.5.33516.290
MinimumVisualStudioVersion = 10.0.40219.1
Project("{9A19103F-16F7-4668-BE54-9A1E7A4F7556}") = "Movies.Api", "Movies.Api\Movies.Api.csproj", "{E1BB98B0-3305-4558-94BE-FDED7DE7ED0D}"
EndProject
Project("{9A19103F-16F7-4668-BE54-9A1E7A4F7556}") = "Movies.Application", "Movies.Application\Movies.Application.csproj", "{0F159A7C-C31D-4467-8A4D-5E0C31BE079F}"
EndProject
Project("{9A19103F-16F7-4668-BE54-9A1E7A4F7556}") = "Movies.Contracts", "Movies.Contracts\Movies.Contracts.csproj", "{0B0A2219-068C-462C-9691-FE296962033F}"
EndProject
Project("{2150E333-8FDC-42A3-9474-1A3956D46DE8}") = "Solution Items", "Solution Items", "{33DAF6A3-1150-48A5-AF47-AD3BD42583EE}"
	ProjectSection(SolutionItems) = preProject
		docker-compose.yml = docker-compose.yml
	EndProjectSection
EndProject
Project("{9A19103F-16F7-4668-BE54-9A1E7A4F7556}") = "Identity.Api", "Identity.Api\Identity.Api.csproj", "{D2FCA593-94AD-4AF3-85AC-C32F0AB7C6E9}"
EndProject
Project("{FAE04EC0-301F-11D3-BF4B-00C04F79EFBC}") = "Movies.Api.Sdk", "Movies.Api.Sdk\Movies.Api.Sdk.csproj", "{0A43996C-FD6A-4E4C-8BC8-4EE02481723C}"
EndProject
Project("{FAE04EC0-301F-11D3-BF4B-00C04F79EFBC}") = "Movies.Api.Sdk.Consumer", "Movies.Api.Sdk.Consumer\Movies.Api.Sdk.Consumer.csproj", "{5F174ADD-0BC1-43A2-ACE2-FF4DE1FD2EB5}"
EndProject
Global
	GlobalSection(SolutionConfigurationPlatforms) = preSolution
		Debug|Any CPU = Debug|Any CPU
		Release|Any CPU = Release|Any CPU
	EndGlobalSection
	GlobalSection(ProjectConfigurationPlatforms) = postSolution
		{E1BB98B0-3305-4558-94BE-FDED7DE7ED0D}.Debug|Any CPU.ActiveCfg = Debug|Any CPU
		{E1BB98B0-3305-4558-94BE-FDED7DE7ED0D}.Debug|Any CPU.Build.0 = Debug|Any CPU
		{E1BB98B0-3305-4558-94BE-FDED7DE7ED0D}.Release|Any CPU.ActiveCfg = Release|Any CPU
		{E1BB98B0-3305-4558-94BE-FDED7DE7ED0D}.Release|Any CPU.Build.0 = Release|Any CPU
		{0F159A7C-C31D-4467-8A4D-5E0C31BE079F}.Debug|Any CPU.ActiveCfg = Debug|Any CPU
		{0F159A7C-C31D-4467-8A4D-5E0C31BE079F}.Debug|Any CPU.Build.0 = Debug|Any CPU
		{0F159A7C-C31D-4467-8A4D-5E0C31BE079F}.Release|Any CPU.ActiveCfg = Release|Any CPU
		{0F159A7C-C31D-4467-8A4D-5E0C31BE079F}.Release|Any CPU.Build.0 = Release|Any CPU
		{0B0A2219-068C-462C-9691-FE296962033F}.Debug|Any CPU.ActiveCfg = Debug|Any CPU
		{0B0A2219-068C-462C-9691-FE296962033F}.Debug|Any CPU.Build.0 = Debug|Any CPU
		{0B0A2219-068C-462C-9691-FE296962033F}.Release|Any CPU.ActiveCfg = Release|Any CPU
		{0B0A2219-068C-462C-9691-FE296962033F}.Release|Any CPU.Build.0 = Release|Any CPU
		{D2FCA593-94AD-4AF3-85AC-C32F0AB7C6E9}.Debug|Any CPU.ActiveCfg = Debug|Any CPU
		{D2FCA593-94AD-4AF3-85AC-C32F0AB7C6E9}.Debug|Any CPU.Build.0 = Debug|Any CPU
		{D2FCA593-94AD-4AF3-85AC-C32F0AB7C6E9}.Release|Any CPU.ActiveCfg = Release|Any CPU
		{D2FCA593-94AD-4AF3-85AC-C32F0AB7C6E9}.Release|Any CPU.Build.0 = Release|Any CPU
		{0A43996C-FD6A-4E4C-8BC8-4EE02481723C}.Debug|Any CPU.ActiveCfg = Debug|Any CPU
		{0A43996C-FD6A-4E4C-8BC8-4EE02481723C}.Debug|Any CPU.Build.0 = Debug|Any CPU
		{0A43996C-FD6A-4E4C-8BC8-4EE02481723C}.Release|Any CPU.ActiveCfg = Release|Any CPU
		{0A43996C-FD6A-4E4C-8BC8-4EE02481723C}.Release|Any CPU.Build.0 = Release|Any CPU
		{5F174ADD-0BC1-43A2-ACE2-FF4DE1FD2EB5}.Debug|Any CPU.ActiveCfg = Debug|Any CPU
		{5F174ADD-0BC1-43A2-ACE2-FF4DE1FD2EB5}.Debug|Any CPU.Build.0 = Debug|Any CPU
		{5F174ADD-0BC1-43A2-ACE2-FF4DE1FD2EB5}.Release|Any CPU.ActiveCfg = Release|Any CPU
		{5F174ADD-0BC1-43A2-ACE2-FF4DE1FD2EB5}.Release|Any CPU.Build.0 = Release|Any CPU
	EndGlobalSection
	GlobalSection(SolutionProperties) = preSolution
		HideSolutionNode = FALSE
	EndGlobalSection
	GlobalSection(ExtensibilityGlobals) = postSolution
		SolutionGuid = {B3E1C27C-47E8-4CBB-AFB7-AD2278B7222E}
	EndGlobalSection
EndGlobal
